// !$*UTF8*$!
{
	archiveVersion = 1;
	classes = {
	};
	objectVersion = 56;
	objects = {

/* Begin PBXBuildFile section */
		0853E1EB291EBF8200EB870F /* GoogleService-Info.plist in Resources */ = {isa = PBXBuildFile; fileRef = 0853E1EA291EBF8200EB870F /* GoogleService-Info.plist */; };
		0853E1EE291EC0CA00EB870F /* FirebaseDatabase in Frameworks */ = {isa = PBXBuildFile; productRef = 0853E1ED291EC0CA00EB870F /* FirebaseDatabase */; };
		08B004AB29083EF200AD0BF6 /* AppDelegate.swift in Sources */ = {isa = PBXBuildFile; fileRef = 08B004AA29083EF200AD0BF6 /* AppDelegate.swift */; };
		08B004AD29083EF200AD0BF6 /* SceneDelegate.swift in Sources */ = {isa = PBXBuildFile; fileRef = 08B004AC29083EF200AD0BF6 /* SceneDelegate.swift */; };
		08B004AF29083EF200AD0BF6 /* ViewController.swift in Sources */ = {isa = PBXBuildFile; fileRef = 08B004AE29083EF200AD0BF6 /* ViewController.swift */; };
		08B004B229083EF200AD0BF6 /* Main.storyboard in Resources */ = {isa = PBXBuildFile; fileRef = 08B004B029083EF200AD0BF6 /* Main.storyboard */; };
		08B004B529083EF200AD0BF6 /* GingerBuild.xcdatamodeld in Sources */ = {isa = PBXBuildFile; fileRef = 08B004B329083EF200AD0BF6 /* GingerBuild.xcdatamodeld */; };
		08B004B729083EF600AD0BF6 /* Assets.xcassets in Resources */ = {isa = PBXBuildFile; fileRef = 08B004B629083EF600AD0BF6 /* Assets.xcassets */; };
		08B004BA29083EF600AD0BF6 /* LaunchScreen.storyboard in Resources */ = {isa = PBXBuildFile; fileRef = 08B004B829083EF600AD0BF6 /* LaunchScreen.storyboard */; };
		FD52D69C2915ACDC008AB211 /* tableViewController.swift in Sources */ = {isa = PBXBuildFile; fileRef = FD52D69B2915ACDC008AB211 /* tableViewController.swift */; };
		FD52D69E2915AD07008AB211 /* reserveViewController.swift in Sources */ = {isa = PBXBuildFile; fileRef = FD52D69D2915AD07008AB211 /* reserveViewController.swift */; };
		FFC129AE293A653200BA2AA9 /* Fortnite.mp3 in Resources */ = {isa = PBXBuildFile; fileRef = FFC129AD293A653200BA2AA9 /* Fortnite.mp3 */; };
/* End PBXBuildFile section */

/* Begin PBXFileReference section */
		0853E1EA291EBF8200EB870F /* GoogleService-Info.plist */ = {isa = PBXFileReference; fileEncoding = 4; lastKnownFileType = text.plist.xml; path = "GoogleService-Info.plist"; sourceTree = "<group>"; };
		08B004A729083EF200AD0BF6 /* GingerBuild.app */ = {isa = PBXFileReference; explicitFileType = wrapper.application; includeInIndex = 0; path = GingerBuild.app; sourceTree = BUILT_PRODUCTS_DIR; };
		08B004AA29083EF200AD0BF6 /* AppDelegate.swift */ = {isa = PBXFileReference; lastKnownFileType = sourcecode.swift; path = AppDelegate.swift; sourceTree = "<group>"; };
		08B004AC29083EF200AD0BF6 /* SceneDelegate.swift */ = {isa = PBXFileReference; lastKnownFileType = sourcecode.swift; path = SceneDelegate.swift; sourceTree = "<group>"; };
		08B004AE29083EF200AD0BF6 /* ViewController.swift */ = {isa = PBXFileReference; lastKnownFileType = sourcecode.swift; path = ViewController.swift; sourceTree = "<group>"; };
		08B004B129083EF200AD0BF6 /* Base */ = {isa = PBXFileReference; lastKnownFileType = file.storyboard; name = Base; path = Base.lproj/Main.storyboard; sourceTree = "<group>"; };
		08B004B429083EF200AD0BF6 /* GingerBuild.xcdatamodel */ = {isa = PBXFileReference; lastKnownFileType = wrapper.xcdatamodel; path = GingerBuild.xcdatamodel; sourceTree = "<group>"; };
		08B004B629083EF600AD0BF6 /* Assets.xcassets */ = {isa = PBXFileReference; lastKnownFileType = folder.assetcatalog; path = Assets.xcassets; sourceTree = "<group>"; };
		08B004B929083EF600AD0BF6 /* Base */ = {isa = PBXFileReference; lastKnownFileType = file.storyboard; name = Base; path = Base.lproj/LaunchScreen.storyboard; sourceTree = "<group>"; };
		08B004BB29083EF600AD0BF6 /* Info.plist */ = {isa = PBXFileReference; lastKnownFileType = text.plist.xml; path = Info.plist; sourceTree = "<group>"; };
		FD52D69B2915ACDC008AB211 /* tableViewController.swift */ = {isa = PBXFileReference; lastKnownFileType = sourcecode.swift; path = tableViewController.swift; sourceTree = "<group>"; };
		FD52D69D2915AD07008AB211 /* reserveViewController.swift */ = {isa = PBXFileReference; lastKnownFileType = sourcecode.swift; path = reserveViewController.swift; sourceTree = "<group>"; };
		FFC129AD293A653200BA2AA9 /* Fortnite.mp3 */ = {isa = PBXFileReference; lastKnownFileType = audio.mp3; path = Fortnite.mp3; sourceTree = "<group>"; };
/* End PBXFileReference section */

/* Begin PBXFrameworksBuildPhase section */
		08B004A429083EF200AD0BF6 /* Frameworks */ = {
			isa = PBXFrameworksBuildPhase;
			buildActionMask = 2147483647;
			files = (
				0853E1EE291EC0CA00EB870F /* FirebaseDatabase in Frameworks */,
			);
			runOnlyForDeploymentPostprocessing = 0;
		};
/* End PBXFrameworksBuildPhase section */

/* Begin PBXGroup section */
		08B0049E29083EF200AD0BF6 = {
			isa = PBXGroup;
			children = (
				08B004A929083EF200AD0BF6 /* GingerBuild */,
				08B004A829083EF200AD0BF6 /* Products */,
			);
			sourceTree = "<group>";
		};
		08B004A829083EF200AD0BF6 /* Products */ = {
			isa = PBXGroup;
			children = (
				08B004A729083EF200AD0BF6 /* GingerBuild.app */,
			);
			name = Products;
			sourceTree = "<group>";
		};
		08B004A929083EF200AD0BF6 /* GingerBuild */ = {
			isa = PBXGroup;
			children = (
				FFC129AD293A653200BA2AA9 /* Fortnite.mp3 */,
				08B004AA29083EF200AD0BF6 /* AppDelegate.swift */,
				08B004AC29083EF200AD0BF6 /* SceneDelegate.swift */,
				08B004AE29083EF200AD0BF6 /* ViewController.swift */,
				FD52D69B2915ACDC008AB211 /* tableViewController.swift */,
				FD52D69D2915AD07008AB211 /* reserveViewController.swift */,
				08B004B029083EF200AD0BF6 /* Main.storyboard */,
				08B004B629083EF600AD0BF6 /* Assets.xcassets */,
				08B004B829083EF600AD0BF6 /* LaunchScreen.storyboard */,
				08B004BB29083EF600AD0BF6 /* Info.plist */,
				08B004B329083EF200AD0BF6 /* GingerBuild.xcdatamodeld */,
				0853E1EA291EBF8200EB870F /* GoogleService-Info.plist */,
			);
			path = GingerBuild;
			sourceTree = "<group>";
		};
/* End PBXGroup section */

/* Begin PBXNativeTarget section */
		08B004A629083EF200AD0BF6 /* GingerBuild */ = {
			isa = PBXNativeTarget;
			buildConfigurationList = 08B004BE29083EF600AD0BF6 /* Build configuration list for PBXNativeTarget "GingerBuild" */;
			buildPhases = (
				08B004A329083EF200AD0BF6 /* Sources */,
				08B004A429083EF200AD0BF6 /* Frameworks */,
				08B004A529083EF200AD0BF6 /* Resources */,
			);
			buildRules = (
			);
			dependencies = (
			);
			name = GingerBuild;
			packageProductDependencies = (
				0853E1ED291EC0CA00EB870F /* FirebaseDatabase */,
			);
			productName = GingerBuild;
			productReference = 08B004A729083EF200AD0BF6 /* GingerBuild.app */;
			productType = "com.apple.product-type.application";
		};
/* End PBXNativeTarget section */

/* Begin PBXProject section */
		08B0049F29083EF200AD0BF6 /* Project object */ = {
			isa = PBXProject;
			attributes = {
				BuildIndependentTargetsInParallel = 1;
				LastSwiftUpdateCheck = 1400;
				LastUpgradeCheck = 1400;
				TargetAttributes = {
					08B004A629083EF200AD0BF6 = {
						CreatedOnToolsVersion = 14.0.1;
					};
				};
			};
			buildConfigurationList = 08B004A229083EF200AD0BF6 /* Build configuration list for PBXProject "GingerBuild" */;
			compatibilityVersion = "Xcode 14.0";
			developmentRegion = en;
			hasScannedForEncodings = 0;
			knownRegions = (
				en,
				Base,
			);
			mainGroup = 08B0049E29083EF200AD0BF6;
			packageReferences = (
				0853E1EC291EC0CA00EB870F /* XCRemoteSwiftPackageReference "firebase-ios-sdk" */,
			);
			productRefGroup = 08B004A829083EF200AD0BF6 /* Products */;
			projectDirPath = "";
			projectRoot = "";
			targets = (
				08B004A629083EF200AD0BF6 /* GingerBuild */,
			);
		};
/* End PBXProject section */

/* Begin PBXResourcesBuildPhase section */
		08B004A529083EF200AD0BF6 /* Resources */ = {
			isa = PBXResourcesBuildPhase;
			buildActionMask = 2147483647;
			files = (
				08B004BA29083EF600AD0BF6 /* LaunchScreen.storyboard in Resources */,
				0853E1EB291EBF8200EB870F /* GoogleService-Info.plist in Resources */,
				08B004B729083EF600AD0BF6 /* Assets.xcassets in Resources */,
				08B004B229083EF200AD0BF6 /* Main.storyboard in Resources */,
				FFC129AE293A653200BA2AA9 /* Fortnite.mp3 in Resources */,
			);
			runOnlyForDeploymentPostprocessing = 0;
		};
/* End PBXResourcesBuildPhase section */

/* Begin PBXSourcesBuildPhase section */
		08B004A329083EF200AD0BF6 /* Sources */ = {
			isa = PBXSourcesBuildPhase;
			buildActionMask = 2147483647;
			files = (
				08B004B529083EF200AD0BF6 /* GingerBuild.xcdatamodeld in Sources */,
				08B004AF29083EF200AD0BF6 /* ViewController.swift in Sources */,
				08B004AB29083EF200AD0BF6 /* AppDelegate.swift in Sources */,
				08B004AD29083EF200AD0BF6 /* SceneDelegate.swift in Sources */,
				FD52D69C2915ACDC008AB211 /* tableViewController.swift in Sources */,
				FD52D69E2915AD07008AB211 /* reserveViewController.swift in Sources */,
			);
			runOnlyForDeploymentPostprocessing = 0;
		};
/* End PBXSourcesBuildPhase section */

/* Begin PBXVariantGroup section */
		08B004B029083EF200AD0BF6 /* Main.storyboard */ = {
			isa = PBXVariantGroup;
			children = (
				08B004B129083EF200AD0BF6 /* Base */,
			);
			name = Main.storyboard;
			sourceTree = "<group>";
		};
		08B004B829083EF600AD0BF6 /* LaunchScreen.storyboard */ = {
			isa = PBXVariantGroup;
			children = (
				08B004B929083EF600AD0BF6 /* Base */,
			);
			name = LaunchScreen.storyboard;
			sourceTree = "<group>";
		};
/* End PBXVariantGroup section */

/* Begin XCBuildConfiguration section */
		08B004BC29083EF600AD0BF6 /* Debug */ = {
			isa = XCBuildConfiguration;
			buildSettings = {
				ALWAYS_SEARCH_USER_PATHS = NO;
				CLANG_ANALYZER_NONNULL = YES;
				CLANG_ANALYZER_NUMBER_OBJECT_CONVERSION = YES_AGGRESSIVE;
				CLANG_CXX_LANGUAGE_STANDARD = "gnu++20";
				CLANG_ENABLE_MODULES = YES;
				CLANG_ENABLE_OBJC_ARC = YES;
				CLANG_ENABLE_OBJC_WEAK = YES;
				CLANG_WARN_BLOCK_CAPTURE_AUTORELEASING = YES;
				CLANG_WARN_BOOL_CONVERSION = YES;
				CLANG_WARN_COMMA = YES;
				CLANG_WARN_CONSTANT_CONVERSION = YES;
				CLANG_WARN_DEPRECATED_OBJC_IMPLEMENTATIONS = YES;
				CLANG_WARN_DIRECT_OBJC_ISA_USAGE = YES_ERROR;
				CLANG_WARN_DOCUMENTATION_COMMENTS = YES;
				CLANG_WARN_EMPTY_BODY = YES;
				CLANG_WARN_ENUM_CONVERSION = YES;
				CLANG_WARN_INFINITE_RECURSION = YES;
				CLANG_WARN_INT_CONVERSION = YES;
				CLANG_WARN_NON_LITERAL_NULL_CONVERSION = YES;
				CLANG_WARN_OBJC_IMPLICIT_RETAIN_SELF = YES;
				CLANG_WARN_OBJC_LITERAL_CONVERSION = YES;
				CLANG_WARN_OBJC_ROOT_CLASS = YES_ERROR;
				CLANG_WARN_QUOTED_INCLUDE_IN_FRAMEWORK_HEADER = YES;
				CLANG_WARN_RANGE_LOOP_ANALYSIS = YES;
				CLANG_WARN_STRICT_PROTOTYPES = YES;
				CLANG_WARN_SUSPICIOUS_MOVE = YES;
				CLANG_WARN_UNGUARDED_AVAILABILITY = YES_AGGRESSIVE;
				CLANG_WARN_UNREACHABLE_CODE = YES;
				CLANG_WARN__DUPLICATE_METHOD_MATCH = YES;
				COPY_PHASE_STRIP = NO;
				DEBUG_INFORMATION_FORMAT = dwarf;
				ENABLE_STRICT_OBJC_MSGSEND = YES;
				ENABLE_TESTABILITY = YES;
				GCC_C_LANGUAGE_STANDARD = gnu11;
				GCC_DYNAMIC_NO_PIC = NO;
				GCC_NO_COMMON_BLOCKS = YES;
				GCC_OPTIMIZATION_LEVEL = 0;
				GCC_PREPROCESSOR_DEFINITIONS = (
					"DEBUG=1",
					"$(inherited)",
				);
				GCC_WARN_64_TO_32_BIT_CONVERSION = YES;
				GCC_WARN_ABOUT_RETURN_TYPE = YES_ERROR;
				GCC_WARN_UNDECLARED_SELECTOR = YES;
				GCC_WARN_UNINITIALIZED_AUTOS = YES_AGGRESSIVE;
				GCC_WARN_UNUSED_FUNCTION = YES;
				GCC_WARN_UNUSED_VARIABLE = YES;
				IPHONEOS_DEPLOYMENT_TARGET = 16.0;
				MTL_ENABLE_DEBUG_INFO = INCLUDE_SOURCE;
				MTL_FAST_MATH = YES;
				ONLY_ACTIVE_ARCH = YES;
				SDKROOT = iphoneos;
				SWIFT_ACTIVE_COMPILATION_CONDITIONS = DEBUG;
				SWIFT_OPTIMIZATION_LEVEL = "-Onone";
			};
			name = Debug;
		};
		08B004BD29083EF600AD0BF6 /* Release */ = {
			isa = XCBuildConfiguration;
			buildSettings = {
				ALWAYS_SEARCH_USER_PATHS = NO;
				CLANG_ANALYZER_NONNULL = YES;
				CLANG_ANALYZER_NUMBER_OBJECT_CONVERSION = YES_AGGRESSIVE;
				CLANG_CXX_LANGUAGE_STANDARD = "gnu++20";
				CLANG_ENABLE_MODULES = YES;
				CLANG_ENABLE_OBJC_ARC = YES;
				CLANG_ENABLE_OBJC_WEAK = YES;
				CLANG_WARN_BLOCK_CAPTURE_AUTORELEASING = YES;
				CLANG_WARN_BOOL_CONVERSION = YES;
				CLANG_WARN_COMMA = YES;
				CLANG_WARN_CONSTANT_CONVERSION = YES;
				CLANG_WARN_DEPRECATED_OBJC_IMPLEMENTATIONS = YES;
				CLANG_WARN_DIRECT_OBJC_ISA_USAGE = YES_ERROR;
				CLANG_WARN_DOCUMENTATION_COMMENTS = YES;
				CLANG_WARN_EMPTY_BODY = YES;
				CLANG_WARN_ENUM_CONVERSION = YES;
				CLANG_WARN_INFINITE_RECURSION = YES;
				CLANG_WARN_INT_CONVERSION = YES;
				CLANG_WARN_NON_LITERAL_NULL_CONVERSION = YES;
				CLANG_WARN_OBJC_IMPLICIT_RETAIN_SELF = YES;
				CLANG_WARN_OBJC_LITERAL_CONVERSION = YES;
				CLANG_WARN_OBJC_ROOT_CLASS = YES_ERROR;
				CLANG_WARN_QUOTED_INCLUDE_IN_FRAMEWORK_HEADER = YES;
				CLANG_WARN_RANGE_LOOP_ANALYSIS = YES;
				CLANG_WARN_STRICT_PROTOTYPES = YES;
				CLANG_WARN_SUSPICIOUS_MOVE = YES;
				CLANG_WARN_UNGUARDED_AVAILABILITY = YES_AGGRESSIVE;
				CLANG_WARN_UNREACHABLE_CODE = YES;
				CLANG_WARN__DUPLICATE_METHOD_MATCH = YES;
				COPY_PHASE_STRIP = NO;
				DEBUG_INFORMATION_FORMAT = "dwarf-with-dsym";
				ENABLE_NS_ASSERTIONS = NO;
				ENABLE_STRICT_OBJC_MSGSEND = YES;
				GCC_C_LANGUAGE_STANDARD = gnu11;
				GCC_NO_COMMON_BLOCKS = YES;
				GCC_WARN_64_TO_32_BIT_CONVERSION = YES;
				GCC_WARN_ABOUT_RETURN_TYPE = YES_ERROR;
				GCC_WARN_UNDECLARED_SELECTOR = YES;
				GCC_WARN_UNINITIALIZED_AUTOS = YES_AGGRESSIVE;
				GCC_WARN_UNUSED_FUNCTION = YES;
				GCC_WARN_UNUSED_VARIABLE = YES;
				IPHONEOS_DEPLOYMENT_TARGET = 16.0;
				MTL_ENABLE_DEBUG_INFO = NO;
				MTL_FAST_MATH = YES;
				SDKROOT = iphoneos;
				SWIFT_COMPILATION_MODE = wholemodule;
				SWIFT_OPTIMIZATION_LEVEL = "-O";
				VALIDATE_PRODUCT = YES;
			};
			name = Release;
		};
		08B004BF29083EF600AD0BF6 /* Debug */ = {
			isa = XCBuildConfiguration;
			buildSettings = {
				ASSETCATALOG_COMPILER_APPICON_NAME = AppIcon;
				ASSETCATALOG_COMPILER_GLOBAL_ACCENT_COLOR_NAME = AccentColor;
				CODE_SIGN_STYLE = Automatic;
				CURRENT_PROJECT_VERSION = 1;
				DEVELOPMENT_TEAM = AJWFJVXTBH;
				GENERATE_INFOPLIST_FILE = YES;
				INFOPLIST_FILE = GingerBuild/Info.plist;
				INFOPLIST_KEY_CFBundleDisplayName = GingerBuild;
				INFOPLIST_KEY_UIApplicationSupportsIndirectInputEvents = YES;
				INFOPLIST_KEY_UILaunchStoryboardName = LaunchScreen;
				INFOPLIST_KEY_UIMainStoryboardFile = Main;
				INFOPLIST_KEY_UISupportedInterfaceOrientations = "UIInterfaceOrientationLandscapeLeft UIInterfaceOrientationLandscapeRight UIInterfaceOrientationPortrait";
				INFOPLIST_KEY_UISupportedInterfaceOrientations_iPad = UIInterfaceOrientationPortrait;
				LD_RUNPATH_SEARCH_PATHS = (
					"$(inherited)",
					"@executable_path/Frameworks",
				);
				MARKETING_VERSION = 1.0;
				PRODUCT_BUNDLE_IDENTIFIER = org.jhhs.623281.GingerBuild;
				PRODUCT_NAME = "$(TARGET_NAME)";
				SUPPORTED_PLATFORMS = "iphoneos iphonesimulator";
				SUPPORTS_MACCATALYST = NO;
				SUPPORTS_MAC_DESIGNED_FOR_IPHONE_IPAD = YES;
				SWIFT_EMIT_LOC_STRINGS = YES;
				SWIFT_VERSION = 5.0;
				TARGETED_DEVICE_FAMILY = 2;
			};
			name = Debug;
		};
		08B004C029083EF600AD0BF6 /* Release */ = {
			isa = XCBuildConfiguration;
			buildSettings = {
				ASSETCATALOG_COMPILER_APPICON_NAME = AppIcon;
				ASSETCATALOG_COMPILER_GLOBAL_ACCENT_COLOR_NAME = AccentColor;
				CODE_SIGN_STYLE = Automatic;
				CURRENT_PROJECT_VERSION = 1;
				DEVELOPMENT_TEAM = AJWFJVXTBH;
				GENERATE_INFOPLIST_FILE = YES;
				INFOPLIST_FILE = GingerBuild/Info.plist;
				INFOPLIST_KEY_CFBundleDisplayName = GingerBuild;
				INFOPLIST_KEY_UIApplicationSupportsIndirectInputEvents = YES;
				INFOPLIST_KEY_UILaunchStoryboardName = LaunchScreen;
				INFOPLIST_KEY_UIMainStoryboardFile = Main;
				INFOPLIST_KEY_UISupportedInterfaceOrientations = "UIInterfaceOrientationLandscapeLeft UIInterfaceOrientationLandscapeRight UIInterfaceOrientationPortrait";
				INFOPLIST_KEY_UISupportedInterfaceOrientations_iPad = UIInterfaceOrientationPortrait;
				LD_RUNPATH_SEARCH_PATHS = (
					"$(inherited)",
					"@executable_path/Frameworks",
				);
				MARKETING_VERSION = 1.0;
				PRODUCT_BUNDLE_IDENTIFIER = org.jhhs.623281.GingerBuild;
				PRODUCT_NAME = "$(TARGET_NAME)";
				SUPPORTED_PLATFORMS = "iphoneos iphonesimulator";
				SUPPORTS_MACCATALYST = NO;
				SUPPORTS_MAC_DESIGNED_FOR_IPHONE_IPAD = YES;
				SWIFT_EMIT_LOC_STRINGS = YES;
				SWIFT_VERSION = 5.0;
				TARGETED_DEVICE_FAMILY = 2;
			};
			name = Release;
		};
/* End XCBuildConfiguration section */

/* Begin XCConfigurationList section */
		08B004A229083EF200AD0BF6 /* Build configuration list for PBXProject "GingerBuild" */ = {
			isa = XCConfigurationList;
			buildConfigurations = (
				08B004BC29083EF600AD0BF6 /* Debug */,
				08B004BD29083EF600AD0BF6 /* Release */,
			);
			defaultConfigurationIsVisible = 0;
			defaultConfigurationName = Release;
		};
		08B004BE29083EF600AD0BF6 /* Build configuration list for PBXNativeTarget "GingerBuild" */ = {
			isa = XCConfigurationList;
			buildConfigurations = (
				08B004BF29083EF600AD0BF6 /* Debug */,
				08B004C029083EF600AD0BF6 /* Release */,
			);
			defaultConfigurationIsVisible = 0;
			defaultConfigurationName = Release;
		};
/* End XCConfigurationList section */

/* Begin XCRemoteSwiftPackageReference section */
		0853E1EC291EC0CA00EB870F /* XCRemoteSwiftPackageReference "firebase-ios-sdk" */ = {
			isa = XCRemoteSwiftPackageReference;
			repositoryURL = "https://github.com/firebase/firebase-ios-sdk";
			requirement = {
				kind = upToNextMajorVersion;
				minimumVersion = 9.0.0;
			};
		};
/* End XCRemoteSwiftPackageReference section */

/* Begin XCSwiftPackageProductDependency section */
		0853E1ED291EC0CA00EB870F /* FirebaseDatabase */ = {
			isa = XCSwiftPackageProductDependency;
			package = 0853E1EC291EC0CA00EB870F /* XCRemoteSwiftPackageReference "firebase-ios-sdk" */;
			productName = FirebaseDatabase;
		};
/* End XCSwiftPackageProductDependency section */

/* Begin XCVersionGroup section */
		08B004B329083EF200AD0BF6 /* GingerBuild.xcdatamodeld */ = {
			isa = XCVersionGroup;
			children = (
				08B004B429083EF200AD0BF6 /* GingerBuild.xcdatamodel */,
			);
			currentVersion = 08B004B429083EF200AD0BF6 /* GingerBuild.xcdatamodel */;
			path = GingerBuild.xcdatamodeld;
			sourceTree = "<group>";
			versionGroupType = wrapper.xcdatamodel;
		};
/* End XCVersionGroup section */
	};
	rootObject = 08B0049F29083EF200AD0BF6 /* Project object */;
}
